
Microsoft Visual Studio Solution File, Format Version 12.00
# Visual Studio Version 17
VisualStudioVersion = 17.9.34728.123
MinimumVisualStudioVersion = 10.0.40219.1
Project("{FAE04EC0-301F-11D3-BF4B-00C04F79EFBC}") = "Assignment 6.4", "Assignment 6.4.csproj", "{88D51900-322D-4508-849C-EF4A552EAAA1}"
EndProject
Global
	GlobalSection(SolutionConfigurationPlatforms) = preSolution
		Debug|Any CPU = Debug|Any CPU
		Release|Any CPU = Release|Any CPU
	EndGlobalSection
	GlobalSection(ProjectConfigurationPlatforms) = postSolution
		{88D51900-322D-4508-849C-EF4A552EAAA1}.Debug|Any CPU.ActiveCfg = Debug|Any CPU
		{88D51900-322D-4508-849C-EF4A552EAAA1}.Debug|Any CPU.Build.0 = Debug|Any CPU
		{88D51900-322D-4508-849C-EF4A552EAAA1}.Release|Any CPU.ActiveCfg = Release|Any CPU
		{88D51900-322D-4508-849C-EF4A552EAAA1}.Release|Any CPU.Build.0 = Release|Any CPU
	EndGlobalSection
	GlobalSection(SolutionProperties) = preSolution
		HideSolutionNode = FALSE
	EndGlobalSection
	GlobalSection(ExtensibilityGlobals) = postSolution
		SolutionGuid = {529A061F-590C-430B-8C75-D6A49D66592C}
	EndGlobalSection
EndGlobal
